
Microsoft Visual Studio Solution File, Format Version 12.00
# Visual Studio Version 17
VisualStudioVersion = 17.10.35013.160
MinimumVisualStudioVersion = 10.0.40219.1
Project("{FAE04EC0-301F-11D3-BF4B-00C04F79EFBC}") = "GISBase", "GISBase.csproj", "{6C4C8030-DF97-43E4-8881-044876C84C1C}"
EndProject
Global
	GlobalSection(SolutionConfigurationPlatforms) = preSolution
		Debug|Any CPU = Debug|Any CPU
		Release|Any CPU = Release|Any CPU
	EndGlobalSection
	GlobalSection(ProjectConfigurationPlatforms) = postSolution
		{6C4C8030-DF97-43E4-8881-044876C84C1C}.Debug|Any CPU.ActiveCfg = Debug|Any CPU
		{6C4C8030-DF97-43E4-8881-044876C84C1C}.Debug|Any CPU.Build.0 = Debug|Any CPU
		{6C4C8030-DF97-43E4-8881-044876C84C1C}.Release|Any CPU.ActiveCfg = Release|Any CPU
		{6C4C8030-DF97-43E4-8881-044876C84C1C}.Release|Any CPU.Build.0 = Release|Any CPU
	EndGlobalSection
	GlobalSection(SolutionProperties) = preSolution
		HideSolutionNode = FALSE
	EndGlobalSection
	GlobalSection(ExtensibilityGlobals) = postSolution
		SolutionGuid = {C6627D28-914F-4752-BAE5-914D08D755F1}
	EndGlobalSection
EndGlobal
